
Microsoft Visual Studio Solution File, Format Version 12.00
# Visual Studio Version 17
VisualStudioVersion = 17.5.33530.505
MinimumVisualStudioVersion = 10.0.40219.1
Project("{FAE04EC0-301F-11D3-BF4B-00C04F79EFBC}") = "LSIFInspector", "LSIFInspector\LSIFInspector.csproj", "{A5CCE5C1-9280-4C77-8703-CDB1FF208FDE}"
EndProject
Global
	GlobalSection(SolutionConfigurationPlatforms) = preSolution
		Debug|Any CPU = Debug|Any CPU
		Release|Any CPU = Release|Any CPU
	EndGlobalSection
	GlobalSection(ProjectConfigurationPlatforms) = postSolution
		{A5CCE5C1-9280-4C77-8703-CDB1FF208FDE}.Debug|Any CPU.ActiveCfg = Debug|Any CPU
		{A5CCE5C1-9280-4C77-8703-CDB1FF208FDE}.Debug|Any CPU.Build.0 = Debug|Any CPU
		{A5CCE5C1-9280-4C77-8703-CDB1FF208FDE}.Release|Any CPU.ActiveCfg = Release|Any CPU
		{A5CCE5C1-9280-4C77-8703-CDB1FF208FDE}.Release|Any CPU.Build.0 = Release|Any CPU
	EndGlobalSection
	GlobalSection(SolutionProperties) = preSolution
		HideSolutionNode = FALSE
	EndGlobalSection
	GlobalSection(ExtensibilityGlobals) = postSolution
		SolutionGuid = {B5F45B18-9E1B-46D4-B444-EF92C55434DA}
	EndGlobalSection
EndGlobal
